// !$*UTF8*$!
{
	archiveVersion = 1;
	classes = {
	};
	objectVersion = 46;
	objects = {

/* Begin PBXBuildFile section */
		6EF9192B1EF119360039F5DE /* AppDelegate.swift in Sources */ = {isa = PBXBuildFile; fileRef = 6EF9192A1EF119360039F5DE /* AppDelegate.swift */; };
		6EF9192D1EF119360039F5DE /* ViewController.swift in Sources */ = {isa = PBXBuildFile; fileRef = 6EF9192C1EF119360039F5DE /* ViewController.swift */; };
		6EF919301EF119360039F5DE /* Main.storyboard in Resources */ = {isa = PBXBuildFile; fileRef = 6EF9192E1EF119360039F5DE /* Main.storyboard */; };
		6EF919321EF119360039F5DE /* Assets.xcassets in Resources */ = {isa = PBXBuildFile; fileRef = 6EF919311EF119360039F5DE /* Assets.xcassets */; };
		6EF919351EF119360039F5DE /* LaunchScreen.storyboard in Resources */ = {isa = PBXBuildFile; fileRef = 6EF919331EF119360039F5DE /* LaunchScreen.storyboard */; };
		6EF9193D1EF124790039F5DE /* SpeechSynthesizer.swift in Sources */ = {isa = PBXBuildFile; fileRef = 6EF9193C1EF124790039F5DE /* SpeechSynthesizer.swift */; };
		6EF9193F1EF126CA0039F5DE /* AudioPlayer.swift in Sources */ = {isa = PBXBuildFile; fileRef = 6EF9193E1EF126CA0039F5DE /* AudioPlayer.swift */; };
/* End PBXBuildFile section */

/* Begin PBXFileReference section */
		6EF919271EF119360039F5DE /* Silly Song.app */ = {isa = PBXFileReference; explicitFileType = wrapper.application; includeInIndex = 0; path = "Silly Song.app"; sourceTree = BUILT_PRODUCTS_DIR; };
		6EF9192A1EF119360039F5DE /* AppDelegate.swift */ = {isa = PBXFileReference; lastKnownFileType = sourcecode.swift; path = AppDelegate.swift; sourceTree = "<group>"; };
		6EF9192C1EF119360039F5DE /* ViewController.swift */ = {isa = PBXFileReference; lastKnownFileType = sourcecode.swift; path = ViewController.swift; sourceTree = "<group>"; };
		6EF9192F1EF119360039F5DE /* Base */ = {isa = PBXFileReference; lastKnownFileType = file.storyboard; name = Base; path = Base.lproj/Main.storyboard; sourceTree = "<group>"; };
		6EF919311EF119360039F5DE /* Assets.xcassets */ = {isa = PBXFileReference; lastKnownFileType = folder.assetcatalog; path = Assets.xcassets; sourceTree = "<group>"; };
		6EF919341EF119360039F5DE /* Base */ = {isa = PBXFileReference; lastKnownFileType = file.storyboard; name = Base; path = Base.lproj/LaunchScreen.storyboard; sourceTree = "<group>"; };
		6EF919361EF119360039F5DE /* Info.plist */ = {isa = PBXFileReference; lastKnownFileType = text.plist.xml; path = Info.plist; sourceTree = "<group>"; };
		6EF9193C1EF124790039F5DE /* SpeechSynthesizer.swift */ = {isa = PBXFileReference; fileEncoding = 4; lastKnownFileType = sourcecode.swift; path = SpeechSynthesizer.swift; sourceTree = "<group>"; };
		6EF9193E1EF126CA0039F5DE /* AudioPlayer.swift */ = {isa = PBXFileReference; fileEncoding = 4; lastKnownFileType = sourcecode.swift; path = AudioPlayer.swift; sourceTree = "<group>"; };
/* End PBXFileReference section */

/* Begin PBXFrameworksBuildPhase section */
		6EF919241EF119360039F5DE /* Frameworks */ = {
			isa = PBXFrameworksBuildPhase;
			buildActionMask = 2147483647;
			files = (
			);
			runOnlyForDeploymentPostprocessing = 0;
		};
/* End PBXFrameworksBuildPhase section */

/* Begin PBXGroup section */
		6EF9191E1EF119360039F5DE = {
			isa = PBXGroup;
			children = (
				6EF919291EF119360039F5DE /* Silly Song */,
				6EF919281EF119360039F5DE /* Products */,
			);
			sourceTree = "<group>";
		};
		6EF919281EF119360039F5DE /* Products */ = {
			isa = PBXGroup;
			children = (
				6EF919271EF119360039F5DE /* Silly Song.app */,
			);
			name = Products;
			sourceTree = "<group>";
		};
		6EF919291EF119360039F5DE /* Silly Song */ = {
			isa = PBXGroup;
			children = (
				6EF9192A1EF119360039F5DE /* AppDelegate.swift */,
				6EF9192C1EF119360039F5DE /* ViewController.swift */,
				6EF9193C1EF124790039F5DE /* SpeechSynthesizer.swift */,
				6EF9193E1EF126CA0039F5DE /* AudioPlayer.swift */,
				6EF9192E1EF119360039F5DE /* Main.storyboard */,
				6EF919311EF119360039F5DE /* Assets.xcassets */,
				6EF919331EF119360039F5DE /* LaunchScreen.storyboard */,
				6EF919361EF119360039F5DE /* Info.plist */,
			);
			path = "Silly Song";
			sourceTree = "<group>";
		};
/* End PBXGroup section */

/* Begin PBXNativeTarget section */
		6EF919261EF119360039F5DE /* Silly Song */ = {
			isa = PBXNativeTarget;
			buildConfigurationList = 6EF919391EF119360039F5DE /* Build configuration list for PBXNativeTarget "Silly Song" */;
			buildPhases = (
				6EF919231EF119360039F5DE /* Sources */,
				6EF919241EF119360039F5DE /* Frameworks */,
				6EF919251EF119360039F5DE /* Resources */,
			);
			buildRules = (
			);
			dependencies = (
			);
			name = "Silly Song";
			productName = "Silly Song";
			productReference = 6EF919271EF119360039F5DE /* Silly Song.app */;
			productType = "com.apple.product-type.application";
		};
/* End PBXNativeTarget section */

/* Begin PBXProject section */
		6EF9191F1EF119360039F5DE /* Project object */ = {
			isa = PBXProject;
			attributes = {
				LastSwiftUpdateCheck = 0830;
				LastUpgradeCheck = 0830;
				ORGANIZATIONNAME = "Zulwiyoza Putra";
				TargetAttributes = {
					6EF919261EF119360039F5DE = {
						CreatedOnToolsVersion = 8.3.3;
						DevelopmentTeam = 44VVQHZS45;
						ProvisioningStyle = Automatic;
					};
				};
			};
			buildConfigurationList = 6EF919221EF119360039F5DE /* Build configuration list for PBXProject "Silly Song" */;
			compatibilityVersion = "Xcode 3.2";
			developmentRegion = English;
			hasScannedForEncodings = 0;
			knownRegions = (
				en,
				Base,
			);
			mainGroup = 6EF9191E1EF119360039F5DE;
			productRefGroup = 6EF919281EF119360039F5DE /* Products */;
			projectDirPath = "";
			projectRoot = "";
			targets = (
				6EF919261EF119360039F5DE /* Silly Song */,
			);
		};
/* End PBXProject section */

/* Begin PBXResourcesBuildPhase section */
		6EF919251EF119360039F5DE /* Resources */ = {
			isa = PBXResourcesBuildPhase;
			buildActionMask = 2147483647;
			files = (
				6EF919351EF119360039F5DE /* LaunchScreen.storyboard in Resources */,
				6EF919321EF119360039F5DE /* Assets.xcassets in Resources */,
				6EF919301EF119360039F5DE /* Main.storyboard in Resources */,
			);
			runOnlyForDeploymentPostprocessing = 0;
		};
/* End PBXResourcesBuildPhase section */

/* Begin PBXSourcesBuildPhase section */
		6EF919231EF119360039F5DE /* Sources */ = {
			isa = PBXSourcesBuildPhase;
			buildActionMask = 2147483647;
			files = (
				6EF9192D1EF119360039F5DE /* ViewController.swift in Sources */,
				6EF9192B1EF119360039F5DE /* AppDelegate.swift in Sources */,
				6EF9193D1EF124790039F5DE /* SpeechSynthesizer.swift in Sources */,
				6EF9193F1EF126CA0039F5DE /* AudioPlayer.swift in Sources */,
			);
			runOnlyForDeploymentPostprocessing = 0;
		};
/* End PBXSourcesBuildPhase section */

/* Begin PBXVariantGroup section */
		6EF9192E1EF119360039F5DE /* Main.storyboard */ = {
			isa = PBXVariantGroup;
			children = (
				6EF9192F1EF119360039F5DE /* Base */,
			);
			name = Main.storyboard;
			sourceTree = "<group>";
		};
		6EF919331EF119360039F5DE /* LaunchScreen.storyboard */ = {
			isa = PBXVariantGroup;
			children = (
				6EF919341EF119360039F5DE /* Base */,
			);
			name = LaunchScreen.storyboard;
			sourceTree = "<group>";
		};
/* End PBXVariantGroup section */

/* Begin XCBuildConfiguration section */
		6EF919371EF119360039F5DE /* Debug */ = {
			isa = XCBuildConfiguration;
			buildSettings = {
				ALWAYS_SEARCH_USER_PATHS = NO;
				CLANG_ANALYZER_NONNULL = YES;
				CLANG_ANALYZER_NUMBER_OBJECT_CONVERSION = YES_AGGRESSIVE;
				CLANG_CXX_LANGUAGE_STANDARD = "gnu++0x";
				CLANG_CXX_LIBRARY = "libc++";
				CLANG_ENABLE_MODULES = YES;
				CLANG_ENABLE_OBJC_ARC = YES;
				CLANG_WARN_BOOL_CONVERSION = YES;
				CLANG_WARN_CONSTANT_CONVERSION = YES;
				CLANG_WARN_DIRECT_OBJC_ISA_USAGE = YES_ERROR;
				CLANG_WARN_DOCUMENTATION_COMMENTS = YES;
				CLANG_WARN_EMPTY_BODY = YES;
				CLANG_WARN_ENUM_CONVERSION = YES;
				CLANG_WARN_INFINITE_RECURSION = YES;
				CLANG_WARN_INT_CONVERSION = YES;
				CLANG_WARN_OBJC_ROOT_CLASS = YES_ERROR;
				CLANG_WARN_SUSPICIOUS_MOVE = YES;
				CLANG_WARN_UNREACHABLE_CODE = YES;
				CLANG_WARN__DUPLICATE_METHOD_MATCH = YES;
				"CODE_SIGN_IDENTITY[sdk=iphoneos*]" = "iPhone Developer";
				COPY_PHASE_STRIP = NO;
				DEBUG_INFORMATION_FORMAT = dwarf;
				ENABLE_STRICT_OBJC_MSGSEND = YES;
				ENABLE_TESTABILITY = YES;
				GCC_C_LANGUAGE_STANDARD = gnu99;
				GCC_DYNAMIC_NO_PIC = NO;
				GCC_NO_COMMON_BLOCKS = YES;
				GCC_OPTIMIZATION_LEVEL = 0;
				GCC_PREPROCESSOR_DEFINITIONS = (
					"DEBUG=1",
					"$(inherited)",
				);
				GCC_WARN_64_TO_32_BIT_CONVERSION = YES;
				GCC_WARN_ABOUT_RETURN_TYPE = YES_ERROR;
				GCC_WARN_UNDECLARED_SELECTOR = YES;
				GCC_WARN_UNINITIALIZED_AUTOS = YES_AGGRESSIVE;
				GCC_WARN_UNUSED_FUNCTION = YES;
				GCC_WARN_UNUSED_VARIABLE = YES;
				IPHONEOS_DEPLOYMENT_TARGET = 10.3;
				MTL_ENABLE_DEBUG_INFO = YES;
				ONLY_ACTIVE_ARCH = YES;
				SDKROOT = iphoneos;
				SWIFT_ACTIVE_COMPILATION_CONDITIONS = DEBUG;
				SWIFT_OPTIMIZATION_LEVEL = "-Onone";
			};
			name = Debug;
		};
		6EF919381EF119360039F5DE /* Release */ = {
			isa = XCBuildConfiguration;
			buildSettings = {
				ALWAYS_SEARCH_USER_PATHS = NO;
				CLANG_ANALYZER_NONNULL = YES;
				CLANG_ANALYZER_NUMBER_OBJECT_CONVERSION = YES_AGGRESSIVE;
				CLANG_CXX_LANGUAGE_STANDARD = "gnu++0x";
				CLANG_CXX_LIBRARY = "libc++";
				CLANG_ENABLE_MODULES = YES;
				CLANG_ENABLE_OBJC_ARC = YES;
				CLANG_WARN_BOOL_CONVERSION = YES;
				CLANG_WARN_CONSTANT_CONVERSION = YES;
				CLANG_WARN_DIRECT_OBJC_ISA_USAGE = YES_ERROR;
				CLANG_WARN_DOCUMENTATION_COMMENTS = YES;
				CLANG_WARN_EMPTY_BODY = YES;
				CLANG_WARN_ENUM_CONVERSION = YES;
				CLANG_WARN_INFINITE_RECURSION = YES;
				CLANG_WARN_INT_CONVERSION = YES;
				CLANG_WARN_OBJC_ROOT_CLASS = YES_ERROR;
				CLANG_WARN_SUSPICIOUS_MOVE = YES;
				CLANG_WARN_UNREACHABLE_CODE = YES;
				CLANG_WARN__DUPLICATE_METHOD_MATCH = YES;
				"CODE_SIGN_IDENTITY[sdk=iphoneos*]" = "iPhone Developer";
				COPY_PHASE_STRIP = NO;
				DEBUG_INFORMATION_FORMAT = "dwarf-with-dsym";
				ENABLE_NS_ASSERTIONS = NO;
				ENABLE_STRICT_OBJC_MSGSEND = YES;
				GCC_C_LANGUAGE_STANDARD = gnu99;
				GCC_NO_COMMON_BLOCKS = YES;
				GCC_WARN_64_TO_32_BIT_CONVERSION = YES;
				GCC_WARN_ABOUT_RETURN_TYPE = YES_ERROR;
				GCC_WARN_UNDECLARED_SELECTOR = YES;
				GCC_WARN_UNINITIALIZED_AUTOS = YES_AGGRESSIVE;
				GCC_WARN_UNUSED_FUNCTION = YES;
				GCC_WARN_UNUSED_VARIABLE = YES;
				IPHONEOS_DEPLOYMENT_TARGET = 10.3;
				MTL_ENABLE_DEBUG_INFO = NO;
				SDKROOT = iphoneos;
				SWIFT_OPTIMIZATION_LEVEL = "-Owholemodule";
				VALIDATE_PRODUCT = YES;
			};
			name = Release;
		};
		6EF9193A1EF119360039F5DE /* Debug */ = {
			isa = XCBuildConfiguration;
			buildSettings = {
				ASSETCATALOG_COMPILER_APPICON_NAME = AppIcon;
				DEVELOPMENT_TEAM = 44VVQHZS45;
				INFOPLIST_FILE = "Silly Song/Info.plist";
				LD_RUNPATH_SEARCH_PATHS = "$(inherited) @executable_path/Frameworks";
				PRODUCT_BUNDLE_IDENTIFIER = "com.zulwiyozaputra.Silly-Song";
				PRODUCT_NAME = "$(TARGET_NAME)";
				SWIFT_VERSION = 3.0;
			};
			name = Debug;
		};
		6EF9193B1EF119360039F5DE /* Release */ = {
			isa = XCBuildConfiguration;
			buildSettings = {
				ASSETCATALOG_COMPILER_APPICON_NAME = AppIcon;
				DEVELOPMENT_TEAM = 44VVQHZS45;
				INFOPLIST_FILE = "Silly Song/Info.plist";
				LD_RUNPATH_SEARCH_PATHS = "$(inherited) @executable_path/Frameworks";
				PRODUCT_BUNDLE_IDENTIFIER = "com.zulwiyozaputra.Silly-Song";
				PRODUCT_NAME = "$(TARGET_NAME)";
				SWIFT_VERSION = 3.0;
			};
			name = Release;
		};
/* End XCBuildConfiguration section */

/* Begin XCConfigurationList section */
		6EF919221EF119360039F5DE /* Build configuration list for PBXProject "Silly Song" */ = {
			isa = XCConfigurationList;
			buildConfigurations = (
				6EF919371EF119360039F5DE /* Debug */,
				6EF919381EF119360039F5DE /* Release */,
			);
			defaultConfigurationIsVisible = 0;
			defaultConfigurationName = Release;
		};
		6EF919391EF119360039F5DE /* Build configuration list for PBXNativeTarget "Silly Song" */ = {
			isa = XCConfigurationList;
			buildConfigurations = (
				6EF9193A1EF119360039F5DE /* Debug */,
				6EF9193B1EF119360039F5DE /* Release */,
			);
			defaultConfigurationIsVisible = 0;
		};
/* End XCConfigurationList section */
	};
	rootObject = 6EF9191F1EF119360039F5DE /* Project object */;
}
